
Microsoft Visual Studio Solution File, Format Version 12.00
# Visual Studio 15
VisualStudioVersion = 15.0.27428.2043
MinimumVisualStudioVersion = 10.0.40219.1
Project("{9A19103F-16F7-4668-BE54-9A1E7A4F7556}") = "Feature.Catalog.Engine", "src\Feature\Catalog\Engine\Feature.Catalog.Engine.csproj", "{8C962C9C-B556-4A59-896A-D6831791D3E0}"
EndProject
Project("{2150E333-8FDC-42A3-9474-1A3956D46DE8}") = "Configuration", "Configuration", "{A40AFF53-8DB6-48DD-B1AB-FF60D8C736A5}"
EndProject
Project("{2150E333-8FDC-42A3-9474-1A3956D46DE8}") = "Project", "Project", "{88B50EDB-D70C-4943-9D6D-C5F8AAC07E70}"
EndProject
Project("{2150E333-8FDC-42A3-9474-1A3956D46DE8}") = "Feature", "Feature", "{E59C2EB9-342A-47E8-9E8A-7B67CC8CB138}"
EndProject
Project("{2150E333-8FDC-42A3-9474-1A3956D46DE8}") = "Foundation", "Foundation", "{19C9C279-28EE-465C-A27F-18F09551902D}"
EndProject
Project("{2150E333-8FDC-42A3-9474-1A3956D46DE8}") = "Catalog", "Catalog", "{03ED85E6-EF13-40CA-AC9D-3706643E190F}"
EndProject
Project("{2150E333-8FDC-42A3-9474-1A3956D46DE8}") = "Import", "Import", "{998F9A86-B4CF-4A44-8600-F7F9BD55843F}"
EndProject
Project("{9A19103F-16F7-4668-BE54-9A1E7A4F7556}") = "Feature.Import.Engine", "src\Feature\Import\Engine\Feature.Import.Engine.csproj", "{C6D81D28-1856-47BD-888C-FE2C6066A748}"
EndProject
Project("{9A19103F-16F7-4668-BE54-9A1E7A4F7556}") = "Project.Import.CreateUploadFile", "src\Project\Project.Import.CreateUploadFile\Project.Import.CreateUploadFile.csproj", "{576CF574-930F-4C66-88BB-C165DE09F6FB}"
EndProject
Project("{9A19103F-16F7-4668-BE54-9A1E7A4F7556}") = "Feature.Catalog.Engine.Tests", "src\Feature\Catalog\Tests\Feature.Catalog.Engine.Tests\Feature.Catalog.Engine.Tests.csproj", "{8316BCF8-E2A0-4A23-92D1-0515C3153051}"
EndProject
Project("{2150E333-8FDC-42A3-9474-1A3956D46DE8}") = "Inventory", "Inventory", "{05ACF7F2-7A44-4956-B2CF-389A5CAADF82}"
EndProject
Project("{9A19103F-16F7-4668-BE54-9A1E7A4F7556}") = "Feature.Inventory.Engine", "src\Feature\Inventory\Engine\Feature.Inventory.Engine.csproj", "{75FA2948-8CC8-4AC0-BCC9-9E77EE919957}"
EndProject
Project("{2150E333-8FDC-42A3-9474-1A3956D46DE8}") = "Media", "Media", "{6249F3D3-7E13-4B1B-84E7-1D42821AB18F}"
EndProject
Project("{9A19103F-16F7-4668-BE54-9A1E7A4F7556}") = "Feature.Media.Engine", "src\Feature\Media\Engine\Feature.Media.Engine.csproj", "{962F8937-F1A6-4D31-987E-FD2251BE1397}"
EndProject
Project("{2150E333-8FDC-42A3-9474-1A3956D46DE8}") = "Import", "Import", "{D900D07E-3309-4F96-B351-A0B4FFD66F61}"
EndProject
Project("{9A19103F-16F7-4668-BE54-9A1E7A4F7556}") = "Foundation.Import.Engine", "src\Foundation\Import\Engine\Foundation.Import.Engine.csproj", "{8FD25B64-85E6-45D0-A542-31880031CF4B}"
EndProject
Global
	GlobalSection(SolutionConfigurationPlatforms) = preSolution
		Debug|Any CPU = Debug|Any CPU
		Release|Any CPU = Release|Any CPU
	EndGlobalSection
	GlobalSection(ProjectConfigurationPlatforms) = postSolution
		{8C962C9C-B556-4A59-896A-D6831791D3E0}.Debug|Any CPU.ActiveCfg = Debug|Any CPU
		{8C962C9C-B556-4A59-896A-D6831791D3E0}.Debug|Any CPU.Build.0 = Debug|Any CPU
		{8C962C9C-B556-4A59-896A-D6831791D3E0}.Release|Any CPU.ActiveCfg = Release|Any CPU
		{8C962C9C-B556-4A59-896A-D6831791D3E0}.Release|Any CPU.Build.0 = Release|Any CPU
		{C6D81D28-1856-47BD-888C-FE2C6066A748}.Debug|Any CPU.ActiveCfg = Debug|Any CPU
		{C6D81D28-1856-47BD-888C-FE2C6066A748}.Debug|Any CPU.Build.0 = Debug|Any CPU
		{C6D81D28-1856-47BD-888C-FE2C6066A748}.Release|Any CPU.ActiveCfg = Release|Any CPU
		{C6D81D28-1856-47BD-888C-FE2C6066A748}.Release|Any CPU.Build.0 = Release|Any CPU
		{576CF574-930F-4C66-88BB-C165DE09F6FB}.Debug|Any CPU.ActiveCfg = Debug|Any CPU
		{576CF574-930F-4C66-88BB-C165DE09F6FB}.Debug|Any CPU.Build.0 = Debug|Any CPU
		{576CF574-930F-4C66-88BB-C165DE09F6FB}.Release|Any CPU.ActiveCfg = Release|Any CPU
		{576CF574-930F-4C66-88BB-C165DE09F6FB}.Release|Any CPU.Build.0 = Release|Any CPU
		{8316BCF8-E2A0-4A23-92D1-0515C3153051}.Debug|Any CPU.ActiveCfg = Debug|Any CPU
		{8316BCF8-E2A0-4A23-92D1-0515C3153051}.Debug|Any CPU.Build.0 = Debug|Any CPU
		{8316BCF8-E2A0-4A23-92D1-0515C3153051}.Release|Any CPU.ActiveCfg = Release|Any CPU
		{8316BCF8-E2A0-4A23-92D1-0515C3153051}.Release|Any CPU.Build.0 = Release|Any CPU
		{75FA2948-8CC8-4AC0-BCC9-9E77EE919957}.Debug|Any CPU.ActiveCfg = Debug|Any CPU
		{75FA2948-8CC8-4AC0-BCC9-9E77EE919957}.Debug|Any CPU.Build.0 = Debug|Any CPU
		{75FA2948-8CC8-4AC0-BCC9-9E77EE919957}.Release|Any CPU.ActiveCfg = Release|Any CPU
		{75FA2948-8CC8-4AC0-BCC9-9E77EE919957}.Release|Any CPU.Build.0 = Release|Any CPU
		{962F8937-F1A6-4D31-987E-FD2251BE1397}.Debug|Any CPU.ActiveCfg = Debug|Any CPU
		{962F8937-F1A6-4D31-987E-FD2251BE1397}.Debug|Any CPU.Build.0 = Debug|Any CPU
		{962F8937-F1A6-4D31-987E-FD2251BE1397}.Release|Any CPU.ActiveCfg = Release|Any CPU
		{962F8937-F1A6-4D31-987E-FD2251BE1397}.Release|Any CPU.Build.0 = Release|Any CPU
		{8FD25B64-85E6-45D0-A542-31880031CF4B}.Debug|Any CPU.ActiveCfg = Debug|Any CPU
		{8FD25B64-85E6-45D0-A542-31880031CF4B}.Debug|Any CPU.Build.0 = Debug|Any CPU
		{8FD25B64-85E6-45D0-A542-31880031CF4B}.Release|Any CPU.ActiveCfg = Release|Any CPU
		{8FD25B64-85E6-45D0-A542-31880031CF4B}.Release|Any CPU.Build.0 = Release|Any CPU
	EndGlobalSection
	GlobalSection(SolutionProperties) = preSolution
		HideSolutionNode = FALSE
	EndGlobalSection
	GlobalSection(NestedProjects) = preSolution
		{8C962C9C-B556-4A59-896A-D6831791D3E0} = {03ED85E6-EF13-40CA-AC9D-3706643E190F}
		{03ED85E6-EF13-40CA-AC9D-3706643E190F} = {E59C2EB9-342A-47E8-9E8A-7B67CC8CB138}
		{998F9A86-B4CF-4A44-8600-F7F9BD55843F} = {E59C2EB9-342A-47E8-9E8A-7B67CC8CB138}
		{C6D81D28-1856-47BD-888C-FE2C6066A748} = {998F9A86-B4CF-4A44-8600-F7F9BD55843F}
		{576CF574-930F-4C66-88BB-C165DE09F6FB} = {88B50EDB-D70C-4943-9D6D-C5F8AAC07E70}
		{8316BCF8-E2A0-4A23-92D1-0515C3153051} = {03ED85E6-EF13-40CA-AC9D-3706643E190F}
		{05ACF7F2-7A44-4956-B2CF-389A5CAADF82} = {E59C2EB9-342A-47E8-9E8A-7B67CC8CB138}
		{75FA2948-8CC8-4AC0-BCC9-9E77EE919957} = {05ACF7F2-7A44-4956-B2CF-389A5CAADF82}
		{6249F3D3-7E13-4B1B-84E7-1D42821AB18F} = {E59C2EB9-342A-47E8-9E8A-7B67CC8CB138}
		{962F8937-F1A6-4D31-987E-FD2251BE1397} = {6249F3D3-7E13-4B1B-84E7-1D42821AB18F}
		{D900D07E-3309-4F96-B351-A0B4FFD66F61} = {19C9C279-28EE-465C-A27F-18F09551902D}
		{8FD25B64-85E6-45D0-A542-31880031CF4B} = {D900D07E-3309-4F96-B351-A0B4FFD66F61}
	EndGlobalSection
	GlobalSection(ExtensibilityGlobals) = postSolution
		SolutionGuid = {C36D1CB5-2401-4813-A55A-99E5891DACF0}
	EndGlobalSection
EndGlobal
